// !$*UTF8*$!
{
	archiveVersion = 1;
	classes = {
	};
	objectVersion = 46;
	objects = {

/* Begin PBXBuildFile section */
		491C42D51CE3E38600EF7A4F /* AppDelegate.swift in Sources */ = {isa = PBXBuildFile; fileRef = 491C42D41CE3E38600EF7A4F /* AppDelegate.swift */; };
		491C42D71CE3E38600EF7A4F /* ViewController.swift in Sources */ = {isa = PBXBuildFile; fileRef = 491C42D61CE3E38600EF7A4F /* ViewController.swift */; };
		491C42DA1CE3E38600EF7A4F /* Main.storyboard in Resources */ = {isa = PBXBuildFile; fileRef = 491C42D81CE3E38600EF7A4F /* Main.storyboard */; };
		491C42DC1CE3E38600EF7A4F /* Assets.xcassets in Resources */ = {isa = PBXBuildFile; fileRef = 491C42DB1CE3E38600EF7A4F /* Assets.xcassets */; };
		491C42DF1CE3E38600EF7A4F /* LaunchScreen.storyboard in Resources */ = {isa = PBXBuildFile; fileRef = 491C42DD1CE3E38600EF7A4F /* LaunchScreen.storyboard */; };
		491C42EA1CE3E38600EF7A4F /* testsTests.swift in Sources */ = {isa = PBXBuildFile; fileRef = 491C42E91CE3E38600EF7A4F /* testsTests.swift */; };
		491C42F51CE3E66200EF7A4F /* Konwerter.swift in Sources */ = {isa = PBXBuildFile; fileRef = 491C42F41CE3E66200EF7A4F /* Konwerter.swift */; };
/* End PBXBuildFile section */

/* Begin PBXContainerItemProxy section */
		491C42E61CE3E38600EF7A4F /* PBXContainerItemProxy */ = {
			isa = PBXContainerItemProxy;
			containerPortal = 491C42C91CE3E38600EF7A4F /* Project object */;
			proxyType = 1;
			remoteGlobalIDString = 491C42D01CE3E38600EF7A4F;
			remoteInfo = tests;
		};
/* End PBXContainerItemProxy section */

/* Begin PBXFileReference section */
		491C42D11CE3E38600EF7A4F /* tests.app */ = {isa = PBXFileReference; explicitFileType = wrapper.application; includeInIndex = 0; path = tests.app; sourceTree = BUILT_PRODUCTS_DIR; };
		491C42D41CE3E38600EF7A4F /* AppDelegate.swift */ = {isa = PBXFileReference; lastKnownFileType = sourcecode.swift; path = AppDelegate.swift; sourceTree = "<group>"; };
		491C42D61CE3E38600EF7A4F /* ViewController.swift */ = {isa = PBXFileReference; lastKnownFileType = sourcecode.swift; path = ViewController.swift; sourceTree = "<group>"; };
		491C42D91CE3E38600EF7A4F /* Base */ = {isa = PBXFileReference; lastKnownFileType = file.storyboard; name = Base; path = Base.lproj/Main.storyboard; sourceTree = "<group>"; };
		491C42DB1CE3E38600EF7A4F /* Assets.xcassets */ = {isa = PBXFileReference; lastKnownFileType = folder.assetcatalog; path = Assets.xcassets; sourceTree = "<group>"; };
		491C42DE1CE3E38600EF7A4F /* Base */ = {isa = PBXFileReference; lastKnownFileType = file.storyboard; name = Base; path = Base.lproj/LaunchScreen.storyboard; sourceTree = "<group>"; };
		491C42E01CE3E38600EF7A4F /* Info.plist */ = {isa = PBXFileReference; lastKnownFileType = text.plist.xml; path = Info.plist; sourceTree = "<group>"; };
		491C42E51CE3E38600EF7A4F /* testsTests.xctest */ = {isa = PBXFileReference; explicitFileType = wrapper.cfbundle; includeInIndex = 0; path = testsTests.xctest; sourceTree = BUILT_PRODUCTS_DIR; };
		491C42E91CE3E38600EF7A4F /* testsTests.swift */ = {isa = PBXFileReference; lastKnownFileType = sourcecode.swift; path = testsTests.swift; sourceTree = "<group>"; };
		491C42EB1CE3E38600EF7A4F /* Info.plist */ = {isa = PBXFileReference; lastKnownFileType = text.plist.xml; path = Info.plist; sourceTree = "<group>"; };
		491C42F41CE3E66200EF7A4F /* Konwerter.swift */ = {isa = PBXFileReference; fileEncoding = 4; lastKnownFileType = sourcecode.swift; path = Konwerter.swift; sourceTree = "<group>"; };
/* End PBXFileReference section */

/* Begin PBXFrameworksBuildPhase section */
		491C42CE1CE3E38600EF7A4F /* Frameworks */ = {
			isa = PBXFrameworksBuildPhase;
			buildActionMask = 2147483647;
			files = (
			);
			runOnlyForDeploymentPostprocessing = 0;
		};
		491C42E21CE3E38600EF7A4F /* Frameworks */ = {
			isa = PBXFrameworksBuildPhase;
			buildActionMask = 2147483647;
			files = (
			);
			runOnlyForDeploymentPostprocessing = 0;
		};
/* End PBXFrameworksBuildPhase section */

/* Begin PBXGroup section */
		491C42C81CE3E38600EF7A4F = {
			isa = PBXGroup;
			children = (
				491C42D31CE3E38600EF7A4F /* tests */,
				491C42E81CE3E38600EF7A4F /* testsTests */,
				491C42D21CE3E38600EF7A4F /* Products */,
			);
			sourceTree = "<group>";
		};
		491C42D21CE3E38600EF7A4F /* Products */ = {
			isa = PBXGroup;
			children = (
				491C42D11CE3E38600EF7A4F /* tests.app */,
				491C42E51CE3E38600EF7A4F /* testsTests.xctest */,
			);
			name = Products;
			sourceTree = "<group>";
		};
		491C42D31CE3E38600EF7A4F /* tests */ = {
			isa = PBXGroup;
			children = (
				491C42D41CE3E38600EF7A4F /* AppDelegate.swift */,
				491C42D61CE3E38600EF7A4F /* ViewController.swift */,
				491C42D81CE3E38600EF7A4F /* Main.storyboard */,
				491C42DB1CE3E38600EF7A4F /* Assets.xcassets */,
				491C42DD1CE3E38600EF7A4F /* LaunchScreen.storyboard */,
				491C42E01CE3E38600EF7A4F /* Info.plist */,
				491C42F41CE3E66200EF7A4F /* Konwerter.swift */,
			);
			path = tests;
			sourceTree = "<group>";
		};
		491C42E81CE3E38600EF7A4F /* testsTests */ = {
			isa = PBXGroup;
			children = (
				491C42E91CE3E38600EF7A4F /* testsTests.swift */,
				491C42EB1CE3E38600EF7A4F /* Info.plist */,
			);
			path = testsTests;
			sourceTree = "<group>";
		};
/* End PBXGroup section */

/* Begin PBXNativeTarget section */
		491C42D01CE3E38600EF7A4F /* tests */ = {
			isa = PBXNativeTarget;
			buildConfigurationList = 491C42EE1CE3E38700EF7A4F /* Build configuration list for PBXNativeTarget "tests" */;
			buildPhases = (
				491C42CD1CE3E38600EF7A4F /* Sources */,
				491C42CE1CE3E38600EF7A4F /* Frameworks */,
				491C42CF1CE3E38600EF7A4F /* Resources */,
			);
			buildRules = (
			);
			dependencies = (
			);
			name = tests;
			productName = tests;
			productReference = 491C42D11CE3E38600EF7A4F /* tests.app */;
			productType = "com.apple.product-type.application";
		};
		491C42E41CE3E38600EF7A4F /* testsTests */ = {
			isa = PBXNativeTarget;
			buildConfigurationList = 491C42F11CE3E38700EF7A4F /* Build configuration list for PBXNativeTarget "testsTests" */;
			buildPhases = (
				491C42E11CE3E38600EF7A4F /* Sources */,
				491C42E21CE3E38600EF7A4F /* Frameworks */,
				491C42E31CE3E38600EF7A4F /* Resources */,
			);
			buildRules = (
			);
			dependencies = (
				491C42E71CE3E38600EF7A4F /* PBXTargetDependency */,
			);
			name = testsTests;
			productName = testsTests;
			productReference = 491C42E51CE3E38600EF7A4F /* testsTests.xctest */;
			productType = "com.apple.product-type.bundle.unit-test";
		};
/* End PBXNativeTarget section */

/* Begin PBXProject section */
		491C42C91CE3E38600EF7A4F /* Project object */ = {
			isa = PBXProject;
			attributes = {
				LastSwiftUpdateCheck = 0730;
				LastUpgradeCheck = 0730;
				ORGANIZATIONNAME = test;
				TargetAttributes = {
					491C42D01CE3E38600EF7A4F = {
						CreatedOnToolsVersion = 7.3.1;
					};
					491C42E41CE3E38600EF7A4F = {
						CreatedOnToolsVersion = 7.3.1;
						TestTargetID = 491C42D01CE3E38600EF7A4F;
					};
				};
			};
			buildConfigurationList = 491C42CC1CE3E38600EF7A4F /* Build configuration list for PBXProject "tests" */;
			compatibilityVersion = "Xcode 3.2";
			developmentRegion = English;
			hasScannedForEncodings = 0;
			knownRegions = (
				en,
				Base,
			);
			mainGroup = 491C42C81CE3E38600EF7A4F;
			productRefGroup = 491C42D21CE3E38600EF7A4F /* Products */;
			projectDirPath = "";
			projectRoot = "";
			targets = (
				491C42D01CE3E38600EF7A4F /* tests */,
				491C42E41CE3E38600EF7A4F /* testsTests */,
			);
		};
/* End PBXProject section */

/* Begin PBXResourcesBuildPhase section */
		491C42CF1CE3E38600EF7A4F /* Resources */ = {
			isa = PBXResourcesBuildPhase;
			buildActionMask = 2147483647;
			files = (
				491C42DF1CE3E38600EF7A4F /* LaunchScreen.storyboard in Resources */,
				491C42DC1CE3E38600EF7A4F /* Assets.xcassets in Resources */,
				491C42DA1CE3E38600EF7A4F /* Main.storyboard in Resources */,
			);
			runOnlyForDeploymentPostprocessing = 0;
		};
		491C42E31CE3E38600EF7A4F /* Resources */ = {
			isa = PBXResourcesBuildPhase;
			buildActionMask = 2147483647;
			files = (
			);
			runOnlyForDeploymentPostprocessing = 0;
		};
/* End PBXResourcesBuildPhase section */

/* Begin PBXSourcesBuildPhase section */
		491C42CD1CE3E38600EF7A4F /* Sources */ = {
			isa = PBXSourcesBuildPhase;
			buildActionMask = 2147483647;
			files = (
				491C42D71CE3E38600EF7A4F /* ViewController.swift in Sources */,
				491C42D51CE3E38600EF7A4F /* AppDelegate.swift in Sources */,
				491C42F51CE3E66200EF7A4F /* Konwerter.swift in Sources */,
			);
			runOnlyForDeploymentPostprocessing = 0;
		};
		491C42E11CE3E38600EF7A4F /* Sources */ = {
			isa = PBXSourcesBuildPhase;
			buildActionMask = 2147483647;
			files = (
				491C42EA1CE3E38600EF7A4F /* testsTests.swift in Sources */,
			);
			runOnlyForDeploymentPostprocessing = 0;
		};
/* End PBXSourcesBuildPhase section */

/* Begin PBXTargetDependency section */
		491C42E71CE3E38600EF7A4F /* PBXTargetDependency */ = {
			isa = PBXTargetDependency;
			target = 491C42D01CE3E38600EF7A4F /* tests */;
			targetProxy = 491C42E61CE3E38600EF7A4F /* PBXContainerItemProxy */;
		};
/* End PBXTargetDependency section */

/* Begin PBXVariantGroup section */
		491C42D81CE3E38600EF7A4F /* Main.storyboard */ = {
			isa = PBXVariantGroup;
			children = (
				491C42D91CE3E38600EF7A4F /* Base */,
			);
			name = Main.storyboard;
			sourceTree = "<group>";
		};
		491C42DD1CE3E38600EF7A4F /* LaunchScreen.storyboard */ = {
			isa = PBXVariantGroup;
			children = (
				491C42DE1CE3E38600EF7A4F /* Base */,
			);
			name = LaunchScreen.storyboard;
			sourceTree = "<group>";
		};
/* End PBXVariantGroup section */

/* Begin XCBuildConfiguration section */
		491C42EC1CE3E38600EF7A4F /* Debug */ = {
			isa = XCBuildConfiguration;
			buildSettings = {
				ALWAYS_SEARCH_USER_PATHS = NO;
				CLANG_ANALYZER_NONNULL = YES;
				CLANG_CXX_LANGUAGE_STANDARD = "gnu++0x";
				CLANG_CXX_LIBRARY = "libc++";
				CLANG_ENABLE_MODULES = YES;
				CLANG_ENABLE_OBJC_ARC = YES;
				CLANG_WARN_BOOL_CONVERSION = YES;
				CLANG_WARN_CONSTANT_CONVERSION = YES;
				CLANG_WARN_DIRECT_OBJC_ISA_USAGE = YES_ERROR;
				CLANG_WARN_EMPTY_BODY = YES;
				CLANG_WARN_ENUM_CONVERSION = YES;
				CLANG_WARN_INT_CONVERSION = YES;
				CLANG_WARN_OBJC_ROOT_CLASS = YES_ERROR;
				CLANG_WARN_UNREACHABLE_CODE = YES;
				CLANG_WARN__DUPLICATE_METHOD_MATCH = YES;
				"CODE_SIGN_IDENTITY[sdk=iphoneos*]" = "iPhone Developer";
				COPY_PHASE_STRIP = NO;
				DEBUG_INFORMATION_FORMAT = dwarf;
				ENABLE_STRICT_OBJC_MSGSEND = YES;
				ENABLE_TESTABILITY = YES;
				GCC_C_LANGUAGE_STANDARD = gnu99;
				GCC_DYNAMIC_NO_PIC = NO;
				GCC_NO_COMMON_BLOCKS = YES;
				GCC_OPTIMIZATION_LEVEL = 0;
				GCC_PREPROCESSOR_DEFINITIONS = (
					"DEBUG=1",
					"$(inherited)",
				);
				GCC_WARN_64_TO_32_BIT_CONVERSION = YES;
				GCC_WARN_ABOUT_RETURN_TYPE = YES_ERROR;
				GCC_WARN_UNDECLARED_SELECTOR = YES;
				GCC_WARN_UNINITIALIZED_AUTOS = YES_AGGRESSIVE;
				GCC_WARN_UNUSED_FUNCTION = YES;
				GCC_WARN_UNUSED_VARIABLE = YES;
				IPHONEOS_DEPLOYMENT_TARGET = 9.3;
				MTL_ENABLE_DEBUG_INFO = YES;
				ONLY_ACTIVE_ARCH = YES;
				SDKROOT = iphoneos;
				SWIFT_OPTIMIZATION_LEVEL = "-Onone";
			};
			name = Debug;
		};
		491C42ED1CE3E38600EF7A4F /* Release */ = {
			isa = XCBuildConfiguration;
			buildSettings = {
				ALWAYS_SEARCH_USER_PATHS = NO;
				CLANG_ANALYZER_NONNULL = YES;
				CLANG_CXX_LANGUAGE_STANDARD = "gnu++0x";
				CLANG_CXX_LIBRARY = "libc++";
				CLANG_ENABLE_MODULES = YES;
				CLANG_ENABLE_OBJC_ARC = YES;
				CLANG_WARN_BOOL_CONVERSION = YES;
				CLANG_WARN_CONSTANT_CONVERSION = YES;
				CLANG_WARN_DIRECT_OBJC_ISA_USAGE = YES_ERROR;
				CLANG_WARN_EMPTY_BODY = YES;
				CLANG_WARN_ENUM_CONVERSION = YES;
				CLANG_WARN_INT_CONVERSION = YES;
				CLANG_WARN_OBJC_ROOT_CLASS = YES_ERROR;
				CLANG_WARN_UNREACHABLE_CODE = YES;
				CLANG_WARN__DUPLICATE_METHOD_MATCH = YES;
				"CODE_SIGN_IDENTITY[sdk=iphoneos*]" = "iPhone Developer";
				COPY_PHASE_STRIP = NO;
				DEBUG_INFORMATION_FORMAT = "dwarf-with-dsym";
				ENABLE_NS_ASSERTIONS = NO;
				ENABLE_STRICT_OBJC_MSGSEND = YES;
				GCC_C_LANGUAGE_STANDARD = gnu99;
				GCC_NO_COMMON_BLOCKS = YES;
				GCC_WARN_64_TO_32_BIT_CONVERSION = YES;
				GCC_WARN_ABOUT_RETURN_TYPE = YES_ERROR;
				GCC_WARN_UNDECLARED_SELECTOR = YES;
				GCC_WARN_UNINITIALIZED_AUTOS = YES_AGGRESSIVE;
				GCC_WARN_UNUSED_FUNCTION = YES;
				GCC_WARN_UNUSED_VARIABLE = YES;
				IPHONEOS_DEPLOYMENT_TARGET = 9.3;
				MTL_ENABLE_DEBUG_INFO = NO;
				SDKROOT = iphoneos;
				VALIDATE_PRODUCT = YES;
			};
			name = Release;
		};
		491C42EF1CE3E38700EF7A4F /* Debug */ = {
			isa = XCBuildConfiguration;
			buildSettings = {
				ASSETCATALOG_COMPILER_APPICON_NAME = AppIcon;
				INFOPLIST_FILE = tests/Info.plist;
				LD_RUNPATH_SEARCH_PATHS = "$(inherited) @executable_path/Frameworks";
				PRODUCT_BUNDLE_IDENTIFIER = test.tests;
				PRODUCT_NAME = "$(TARGET_NAME)";
			};
			name = Debug;
		};
		491C42F01CE3E38700EF7A4F /* Release */ = {
			isa = XCBuildConfiguration;
			buildSettings = {
				ASSETCATALOG_COMPILER_APPICON_NAME = AppIcon;
				INFOPLIST_FILE = tests/Info.plist;
				LD_RUNPATH_SEARCH_PATHS = "$(inherited) @executable_path/Frameworks";
				PRODUCT_BUNDLE_IDENTIFIER = test.tests;
				PRODUCT_NAME = "$(TARGET_NAME)";
			};
			name = Release;
		};
		491C42F21CE3E38700EF7A4F /* Debug */ = {
			isa = XCBuildConfiguration;
			buildSettings = {
				BUNDLE_LOADER = "$(TEST_HOST)";
				INFOPLIST_FILE = testsTests/Info.plist;
				LD_RUNPATH_SEARCH_PATHS = "$(inherited) @executable_path/Frameworks @loader_path/Frameworks";
				PRODUCT_BUNDLE_IDENTIFIER = test.testsTests;
				PRODUCT_NAME = "$(TARGET_NAME)";
				TEST_HOST = "$(BUILT_PRODUCTS_DIR)/tests.app/tests";
			};
			name = Debug;
		};
		491C42F31CE3E38700EF7A4F /* Release */ = {
			isa = XCBuildConfiguration;
			buildSettings = {
				BUNDLE_LOADER = "$(TEST_HOST)";
				INFOPLIST_FILE = testsTests/Info.plist;
				LD_RUNPATH_SEARCH_PATHS = "$(inherited) @executable_path/Frameworks @loader_path/Frameworks";
				PRODUCT_BUNDLE_IDENTIFIER = test.testsTests;
				PRODUCT_NAME = "$(TARGET_NAME)";
				TEST_HOST = "$(BUILT_PRODUCTS_DIR)/tests.app/tests";
			};
			name = Release;
		};
/* End XCBuildConfiguration section */

/* Begin XCConfigurationList section */
		491C42CC1CE3E38600EF7A4F /* Build configuration list for PBXProject "tests" */ = {
			isa = XCConfigurationList;
			buildConfigurations = (
				491C42EC1CE3E38600EF7A4F /* Debug */,
				491C42ED1CE3E38600EF7A4F /* Release */,
			);
			defaultConfigurationIsVisible = 0;
			defaultConfigurationName = Release;
		};
		491C42EE1CE3E38700EF7A4F /* Build configuration list for PBXNativeTarget "tests" */ = {
			isa = XCConfigurationList;
			buildConfigurations = (
				491C42EF1CE3E38700EF7A4F /* Debug */,
				491C42F01CE3E38700EF7A4F /* Release */,
			);
			defaultConfigurationIsVisible = 0;
		};
		491C42F11CE3E38700EF7A4F /* Build configuration list for PBXNativeTarget "testsTests" */ = {
			isa = XCConfigurationList;
			buildConfigurations = (
				491C42F21CE3E38700EF7A4F /* Debug */,
				491C42F31CE3E38700EF7A4F /* Release */,
			);
			defaultConfigurationIsVisible = 0;
		};
/* End XCConfigurationList section */
	};
	rootObject = 491C42C91CE3E38600EF7A4F /* Project object */;
}
